GEM
  remote: https://rubygems.org/
  specs:
    addressable (2.8.8)
      public_suffix (>= 2.0.2, < 8.0)
    bigdecimal (3.3.1)
    csv (3.3.5)
    httparty (0.24.2)
      csv
      mini_mime (>= 1.0.0)
      multi_xml (>= 0.5.2)
    json-schema (5.2.2)
      addressable (~> 2.8)
      bigdecimal (~> 3.1)
    mcp (0.6.0)
      json-schema (>= 4.1)
    mini_mime (1.1.5)
    multi_xml (0.6.0)
    public_suffix (5.1.1)

PLATFORMS
  arm64-darwin-22

DEPENDENCIES
  httparty
  mcp

BUNDLED WITH
   2.4.7
